<?xml version="1.0" encoding="utf-8"?>
<Project ToolsVersion="4.0" xmlns="http://schemas.microsoft.com/developer/msbuild/2003">
  <ItemGroup>
    <Filter Include="リソース ファイル">
      <UniqueIdentifier>{67DA6AB6-F800-4c08-8B7A-83BB121AAD01}</UniqueIdentifier>
      <Extensions>rc;ico;cur;bmp;dlg;rc2;rct;bin;rgs;gif;jpg;jpeg;jpe;resx;tiff;tif;png;wav;mfcribbon-ms</Extensions>
    </Filter>
    <Filter Include="DirectX">
      <UniqueIdentifier>{060bf021-75a9-4c39-b930-73920ff5495a}</UniqueIdentifier>
    </Filter>
    <Filter Include="Game">
      <UniqueIdentifier>{f6593570-ce1f-4d0e-b155-dc2967ee9a09}</UniqueIdentifier>
    </Filter>
  </ItemGroup>
  <ItemGroup>
    <ResourceCompile Include="KobanRenderer.rc">
      <Filter>リソース ファイル</Filter>
    </ResourceCompile>
  </ItemGroup>
  <ItemGroup>
    <Image Include="small.ico">
      <Filter>リソース ファイル</Filter>
    </Image>
    <Image Include="KobanRenderer.ico">
      <Filter>リソース ファイル</Filter>
    </Image>
  </ItemGroup>
  <ItemGroup>
    <ClCompile Include="DirectX\Direct3DManager.cpp">
      <Filter>DirectX</Filter>
    </ClCompile>
    <ClCompile Include="Game\GameSystemManager.cpp">
      <Filter>Game</Filter>
    </ClCompile>
    <ClCompile Include="EntryPoint.cpp" />
  </ItemGroup>
  <ItemGroup>
    <ClInclude Include="DirectX\Direct3DManager.h">
      <Filter>DirectX</Filter>
    </ClInclude>
    <ClInclude Include="Game\GameSystemManager.h">
      <Filter>Game</Filter>
    </ClInclude>
    <ClInclude Include="EntryPoint.h" />
    <ClInclude Include="framework.h" />
    <ClInclude Include="Resource.h" />
    <ClInclude Include="targetver.h" />
  </ItemGroup>
</Project>