
Microsoft Visual Studio Solution File, Format Version 12.00
# Visual Studio 15
VisualStudioVersion = 15.0.28307.1525
MinimumVisualStudioVersion = 10.0.40219.1
Project("{8BC9CEB8-8B4A-11D0-8D11-00A0C91BC942}") = "ウィンドウ+D3D初期化+最小シェーダー", "ウィンドウ+D3D初期化+最小シェーダー.vcxproj", "{53EB81D8-E271-461F-99B6-E7CF95342443}"
EndProject
Global
	GlobalSection(SolutionConfigurationPlatforms) = preSolution
		Debug|Win32 = Debug|Win32
		Debug|x64 = Debug|x64
		Release|Win32 = Release|Win32
		Release|x64 = Release|x64
	EndGlobalSection
	GlobalSection(ProjectConfigurationPlatforms) = postSolution
		{53EB81D8-E271-461F-99B6-E7CF95342443}.Debug|Win32.ActiveCfg = Debug|Win32
		{53EB81D8-E271-461F-99B6-E7CF95342443}.Debug|Win32.Build.0 = Debug|Win32
		{53EB81D8-E271-461F-99B6-E7CF95342443}.Debug|x64.ActiveCfg = Debug|x64
		{53EB81D8-E271-461F-99B6-E7CF95342443}.Debug|x64.Build.0 = Debug|x64
		{53EB81D8-E271-461F-99B6-E7CF95342443}.Release|Win32.ActiveCfg = Release|Win32
		{53EB81D8-E271-461F-99B6-E7CF95342443}.Release|Win32.Build.0 = Release|Win32
		{53EB81D8-E271-461F-99B6-E7CF95342443}.Release|x64.ActiveCfg = Release|x64
		{53EB81D8-E271-461F-99B6-E7CF95342443}.Release|x64.Build.0 = Release|x64
	EndGlobalSection
	GlobalSection(SolutionProperties) = preSolution
		HideSolutionNode = FALSE
	EndGlobalSection
	GlobalSection(ExtensibilityGlobals) = postSolution
		SolutionGuid = {62FE634E-E9DC-48FF-AB05-CB07CA5C2FBA}
	EndGlobalSection
EndGlobal
